{
  "requires": true,
  "lockfileVersion": 1,
  "dependencies": {
    "ngx-quill": {
      "version": "8.1.7",
      "resolved": "https://registry.npmjs.org/ngx-quill/-/ngx-quill-8.1.7.tgz",
      "integrity": "sha512-8AHAVUCKjVUtGF7c7hRPCXmTbmcQuA0EgQ/wp5P7FMiYWILAvOb0V0YGtbyzunrDI/I5tfTEBSoGKiE3TnX6OA=="
    }
  }
}
